
Microsoft Visual Studio Solution File, Format Version 12.00
# Visual Studio Version 17
VisualStudioVersion = 17.6.33815.320
MinimumVisualStudioVersion = 10.0.40219.1
Project("{FAE04EC0-301F-11D3-BF4B-00C04F79EFBC}") = "CGO_Buoi01", "CGO_Buoi01\CGO_Buoi01.csproj", "{0F3844DE-512C-419C-AF51-507A4641E43D}"
EndProject
Project("{FAE04EC0-301F-11D3-BF4B-00C04F79EFBC}") = "CGO_Buoi01_DoiTienTe", "CGO_Buoi01_DoiTienTe\CGO_Buoi01_DoiTienTe.csproj", "{3CD46560-7251-4E64-B3C9-D75716BB95B9}"
EndProject
Project("{FAE04EC0-301F-11D3-BF4B-00C04F79EFBC}") = "CGO_Buoi01 HienThiThoiGian", "CGO_Buoi01 HienThiThoiGian\CGO_Buoi01 HienThiThoiGian.csproj", "{C446924A-820E-4680-8019-DF0234522DE7}"
EndProject
Project("{FAE04EC0-301F-11D3-BF4B-00C04F79EFBC}") = "CGO_Buoi01_SuDungToanTu", "CGO_Buoi01_SuDungToanTu\CGO_Buoi01_SuDungToanTu.csproj", "{DD378959-3DD4-4FF6-AA66-E030C2DB0B77}"
EndProject
Global
	GlobalSection(SolutionConfigurationPlatforms) = preSolution
		Debug|Any CPU = Debug|Any CPU
		Release|Any CPU = Release|Any CPU
	EndGlobalSection
	GlobalSection(ProjectConfigurationPlatforms) = postSolution
		{0F3844DE-512C-419C-AF51-507A4641E43D}.Debug|Any CPU.ActiveCfg = Debug|Any CPU
		{0F3844DE-512C-419C-AF51-507A4641E43D}.Debug|Any CPU.Build.0 = Debug|Any CPU
		{0F3844DE-512C-419C-AF51-507A4641E43D}.Release|Any CPU.ActiveCfg = Release|Any CPU
		{0F3844DE-512C-419C-AF51-507A4641E43D}.Release|Any CPU.Build.0 = Release|Any CPU
		{3CD46560-7251-4E64-B3C9-D75716BB95B9}.Debug|Any CPU.ActiveCfg = Debug|Any CPU
		{3CD46560-7251-4E64-B3C9-D75716BB95B9}.Debug|Any CPU.Build.0 = Debug|Any CPU
		{3CD46560-7251-4E64-B3C9-D75716BB95B9}.Release|Any CPU.ActiveCfg = Release|Any CPU
		{3CD46560-7251-4E64-B3C9-D75716BB95B9}.Release|Any CPU.Build.0 = Release|Any CPU
		{C446924A-820E-4680-8019-DF0234522DE7}.Debug|Any CPU.ActiveCfg = Debug|Any CPU
		{C446924A-820E-4680-8019-DF0234522DE7}.Debug|Any CPU.Build.0 = Debug|Any CPU
		{C446924A-820E-4680-8019-DF0234522DE7}.Release|Any CPU.ActiveCfg = Release|Any CPU
		{C446924A-820E-4680-8019-DF0234522DE7}.Release|Any CPU.Build.0 = Release|Any CPU
		{DD378959-3DD4-4FF6-AA66-E030C2DB0B77}.Debug|Any CPU.ActiveCfg = Debug|Any CPU
		{DD378959-3DD4-4FF6-AA66-E030C2DB0B77}.Debug|Any CPU.Build.0 = Debug|Any CPU
		{DD378959-3DD4-4FF6-AA66-E030C2DB0B77}.Release|Any CPU.ActiveCfg = Release|Any CPU
		{DD378959-3DD4-4FF6-AA66-E030C2DB0B77}.Release|Any CPU.Build.0 = Release|Any CPU
	EndGlobalSection
	GlobalSection(SolutionProperties) = preSolution
		HideSolutionNode = FALSE
	EndGlobalSection
	GlobalSection(ExtensibilityGlobals) = postSolution
		SolutionGuid = {6B1F6CF5-E390-456A-A5DC-59373B507017}
	EndGlobalSection
EndGlobal
