
Microsoft Visual Studio Solution File, Format Version 12.00
# Visual Studio Version 17
VisualStudioVersion = 17.6.33815.320
MinimumVisualStudioVersion = 10.0.40219.1
Project("{FAE04EC0-301F-11D3-BF4B-00C04F79EFBC}") = "CGO_Buoi04", "CGO_Buoi04.csproj", "{EE6DA5FF-AB13-4B8C-AD3E-723136041B25}"
EndProject
Project("{FAE04EC0-301F-11D3-BF4B-00C04F79EFBC}") = "CGO_Buoi04_TimGiaTri", "..\CGO_Buoi04_TimGiaTri\CGO_Buoi04_TimGiaTri.csproj", "{0CAF9822-52F3-4D3E-B880-DD670573B3FF}"
EndProject
Project("{FAE04EC0-301F-11D3-BF4B-00C04F79EFBC}") = "CGO_Buoi04_TimGiaTriLonNhat", "..\CGO_Buoi04_TimGiaTriLonNhat\CGO_Buoi04_TimGiaTriLonNhat.csproj", "{CC0CF2BB-898D-45D0-8A49-DCF272A992BA}"
EndProject
Global
	GlobalSection(SolutionConfigurationPlatforms) = preSolution
		Debug|Any CPU = Debug|Any CPU
		Release|Any CPU = Release|Any CPU
	EndGlobalSection
	GlobalSection(ProjectConfigurationPlatforms) = postSolution
		{EE6DA5FF-AB13-4B8C-AD3E-723136041B25}.Debug|Any CPU.ActiveCfg = Debug|Any CPU
		{EE6DA5FF-AB13-4B8C-AD3E-723136041B25}.Debug|Any CPU.Build.0 = Debug|Any CPU
		{EE6DA5FF-AB13-4B8C-AD3E-723136041B25}.Release|Any CPU.ActiveCfg = Release|Any CPU
		{EE6DA5FF-AB13-4B8C-AD3E-723136041B25}.Release|Any CPU.Build.0 = Release|Any CPU
		{0CAF9822-52F3-4D3E-B880-DD670573B3FF}.Debug|Any CPU.ActiveCfg = Debug|Any CPU
		{0CAF9822-52F3-4D3E-B880-DD670573B3FF}.Debug|Any CPU.Build.0 = Debug|Any CPU
		{0CAF9822-52F3-4D3E-B880-DD670573B3FF}.Release|Any CPU.ActiveCfg = Release|Any CPU
		{0CAF9822-52F3-4D3E-B880-DD670573B3FF}.Release|Any CPU.Build.0 = Release|Any CPU
		{CC0CF2BB-898D-45D0-8A49-DCF272A992BA}.Debug|Any CPU.ActiveCfg = Debug|Any CPU
		{CC0CF2BB-898D-45D0-8A49-DCF272A992BA}.Debug|Any CPU.Build.0 = Debug|Any CPU
		{CC0CF2BB-898D-45D0-8A49-DCF272A992BA}.Release|Any CPU.ActiveCfg = Release|Any CPU
		{CC0CF2BB-898D-45D0-8A49-DCF272A992BA}.Release|Any CPU.Build.0 = Release|Any CPU
	EndGlobalSection
	GlobalSection(SolutionProperties) = preSolution
		HideSolutionNode = FALSE
	EndGlobalSection
	GlobalSection(ExtensibilityGlobals) = postSolution
		SolutionGuid = {FFA5972F-D0EC-424C-BB54-32700DD30F92}
	EndGlobalSection
EndGlobal
